
Microsoft Visual Studio Solution File, Format Version 12.00
# Visual Studio Version 17
VisualStudioVersion = 17.7.34202.233
MinimumVisualStudioVersion = 10.0.40219.1
Project("{FAE04EC0-301F-11D3-BF4B-00C04F79EFBC}") = "lab_11", "lab_11\lab_11.csproj", "{23D7074E-9603-465C-B4EF-6E64FF678ABC}"
EndProject
Global
	GlobalSection(SolutionConfigurationPlatforms) = preSolution
		Debug|Any CPU = Debug|Any CPU
		Release|Any CPU = Release|Any CPU
	EndGlobalSection
	GlobalSection(ProjectConfigurationPlatforms) = postSolution
		{23D7074E-9603-465C-B4EF-6E64FF678ABC}.Debug|Any CPU.ActiveCfg = Debug|Any CPU
		{23D7074E-9603-465C-B4EF-6E64FF678ABC}.Debug|Any CPU.Build.0 = Debug|Any CPU
		{23D7074E-9603-465C-B4EF-6E64FF678ABC}.Release|Any CPU.ActiveCfg = Release|Any CPU
		{23D7074E-9603-465C-B4EF-6E64FF678ABC}.Release|Any CPU.Build.0 = Release|Any CPU
	EndGlobalSection
	GlobalSection(SolutionProperties) = preSolution
		HideSolutionNode = FALSE
	EndGlobalSection
	GlobalSection(ExtensibilityGlobals) = postSolution
		SolutionGuid = {FE3B2A7F-AFF7-4316-B9EA-F15ECDD1FAFA}
	EndGlobalSection
EndGlobal
