
Microsoft Visual Studio Solution File, Format Version 12.00
# Visual Studio Version 17
VisualStudioVersion = 17.7.34202.233
MinimumVisualStudioVersion = 10.0.40219.1
Project("{FAE04EC0-301F-11D3-BF4B-00C04F79EFBC}") = "laba_14", "laba_14\laba_14.csproj", "{C9D7BA50-C870-4FA7-A1E8-8BD6C90C6318}"
EndProject
Global
	GlobalSection(SolutionConfigurationPlatforms) = preSolution
		Debug|Any CPU = Debug|Any CPU
		Release|Any CPU = Release|Any CPU
	EndGlobalSection
	GlobalSection(ProjectConfigurationPlatforms) = postSolution
		{C9D7BA50-C870-4FA7-A1E8-8BD6C90C6318}.Debug|Any CPU.ActiveCfg = Debug|Any CPU
		{C9D7BA50-C870-4FA7-A1E8-8BD6C90C6318}.Debug|Any CPU.Build.0 = Debug|Any CPU
		{C9D7BA50-C870-4FA7-A1E8-8BD6C90C6318}.Release|Any CPU.ActiveCfg = Release|Any CPU
		{C9D7BA50-C870-4FA7-A1E8-8BD6C90C6318}.Release|Any CPU.Build.0 = Release|Any CPU
	EndGlobalSection
	GlobalSection(SolutionProperties) = preSolution
		HideSolutionNode = FALSE
	EndGlobalSection
	GlobalSection(ExtensibilityGlobals) = postSolution
		SolutionGuid = {796B2339-306F-4734-9989-752907DC9DD4}
	EndGlobalSection
EndGlobal
