
Microsoft Visual Studio Solution File, Format Version 12.00
# Visual Studio Version 17
VisualStudioVersion = 17.7.34202.233
MinimumVisualStudioVersion = 10.0.40219.1
Project("{FAE04EC0-301F-11D3-BF4B-00C04F79EFBC}") = "lab_08", "lab_08\lab_08.csproj", "{31C5218E-A946-4FE3-A492-102594B81A8D}"
EndProject
Global
	GlobalSection(SolutionConfigurationPlatforms) = preSolution
		Debug|Any CPU = Debug|Any CPU
		Release|Any CPU = Release|Any CPU
	EndGlobalSection
	GlobalSection(ProjectConfigurationPlatforms) = postSolution
		{31C5218E-A946-4FE3-A492-102594B81A8D}.Debug|Any CPU.ActiveCfg = Debug|Any CPU
		{31C5218E-A946-4FE3-A492-102594B81A8D}.Debug|Any CPU.Build.0 = Debug|Any CPU
		{31C5218E-A946-4FE3-A492-102594B81A8D}.Release|Any CPU.ActiveCfg = Release|Any CPU
		{31C5218E-A946-4FE3-A492-102594B81A8D}.Release|Any CPU.Build.0 = Release|Any CPU
	EndGlobalSection
	GlobalSection(SolutionProperties) = preSolution
		HideSolutionNode = FALSE
	EndGlobalSection
	GlobalSection(ExtensibilityGlobals) = postSolution
		SolutionGuid = {183159DE-6E44-4068-B92E-0903138347CB}
	EndGlobalSection
EndGlobal
